{
  "name": "CritMatic",
  "lockfileVersion": 3,
  "requires": true,
  "packages": {
    "": {
      "dependencies": {
        "dot-env": "^0.0.1",
        "dotenv": "^16.3.1"
      }
    },
    "node_modules/dot-env": {
      "version": "0.0.1",
      "resolved": "https://registry.npmjs.org/dot-env/-/dot-env-0.0.1.tgz",
      "integrity": "sha512-SajHtzm3v7yjMH8DW9xY+4i7Zv/cN3aMtLVy0mRMuZu8L9qRCR7CNqcl4KBbG27e5Up4BpSlEyPXXLNbSAe2DQ=="
    },
    "node_modules/dotenv": {
      "version": "16.3.1",
      "resolved": "https://registry.npmjs.org/dotenv/-/dotenv-16.3.1.tgz",
      "integrity": "sha512-IPzF4w4/Rd94bA9imS68tZBaYyBWSCE47V1RGuMrB94iyTOIEwRmVL2x/4An+6mETpLrKJ5hQkB8W4kFAadeIQ==",
      "engines": {
        "node": ">=12"
      },
      "funding": {
        "url": "https://github.com/motdotla/dotenv?sponsor=1"
      }
    }
  }
}
